
Microsoft Visual Studio Solution File, Format Version 12.00
# Visual Studio Version 17
VisualStudioVersion = 17.5.33627.172
MinimumVisualStudioVersion = 10.0.40219.1
Project("{9A19103F-16F7-4668-BE54-9A1E7A4F7556}") = "DotemDiscord", "DotEmDiscord\DotemDiscord.csproj", "{9763E87A-D48F-434B-80D1-22D0F15C66EE}"
	ProjectSection(ProjectDependencies) = postProject
		{CB960F7A-C6B3-4CD8-B2B5-61BC0BD9CDA7} = {CB960F7A-C6B3-4CD8-B2B5-61BC0BD9CDA7}
		{E13986B5-2CCA-48E5-A7AC-A5BA6B56083F} = {E13986B5-2CCA-48E5-A7AC-A5BA6B56083F}
	EndProjectSection
EndProject
Project("{9A19103F-16F7-4668-BE54-9A1E7A4F7556}") = "DotemMatchmaker", "DotEmMatchmaker\DotemMatchmaker.csproj", "{E462D777-AC2A-4C73-943C-3953883063FA}"
	ProjectSection(ProjectDependencies) = postProject
		{CB960F7A-C6B3-4CD8-B2B5-61BC0BD9CDA7} = {CB960F7A-C6B3-4CD8-B2B5-61BC0BD9CDA7}
	EndProjectSection
EndProject
Project("{9A19103F-16F7-4668-BE54-9A1E7A4F7556}") = "DotemChatMatchmaker", "DotEmChatMatchmaker\DotemChatMatchmaker.csproj", "{E13986B5-2CCA-48E5-A7AC-A5BA6B56083F}"
	ProjectSection(ProjectDependencies) = postProject
		{CB960F7A-C6B3-4CD8-B2B5-61BC0BD9CDA7} = {CB960F7A-C6B3-4CD8-B2B5-61BC0BD9CDA7}
		{E462D777-AC2A-4C73-943C-3953883063FA} = {E462D777-AC2A-4C73-943C-3953883063FA}
	EndProjectSection
EndProject
Project("{9A19103F-16F7-4668-BE54-9A1E7A4F7556}") = "DotemModel", "DotemModel\DotemModel.csproj", "{CB960F7A-C6B3-4CD8-B2B5-61BC0BD9CDA7}"
EndProject
Global
	GlobalSection(SolutionConfigurationPlatforms) = preSolution
		Debug|Any CPU = Debug|Any CPU
		Release|Any CPU = Release|Any CPU
	EndGlobalSection
	GlobalSection(ProjectConfigurationPlatforms) = postSolution
		{9763E87A-D48F-434B-80D1-22D0F15C66EE}.Debug|Any CPU.ActiveCfg = Debug|Any CPU
		{9763E87A-D48F-434B-80D1-22D0F15C66EE}.Debug|Any CPU.Build.0 = Debug|Any CPU
		{9763E87A-D48F-434B-80D1-22D0F15C66EE}.Release|Any CPU.ActiveCfg = Release|Any CPU
		{9763E87A-D48F-434B-80D1-22D0F15C66EE}.Release|Any CPU.Build.0 = Release|Any CPU
		{E462D777-AC2A-4C73-943C-3953883063FA}.Debug|Any CPU.ActiveCfg = Debug|Any CPU
		{E462D777-AC2A-4C73-943C-3953883063FA}.Debug|Any CPU.Build.0 = Debug|Any CPU
		{E462D777-AC2A-4C73-943C-3953883063FA}.Release|Any CPU.ActiveCfg = Release|Any CPU
		{E462D777-AC2A-4C73-943C-3953883063FA}.Release|Any CPU.Build.0 = Release|Any CPU
		{E13986B5-2CCA-48E5-A7AC-A5BA6B56083F}.Debug|Any CPU.ActiveCfg = Debug|Any CPU
		{E13986B5-2CCA-48E5-A7AC-A5BA6B56083F}.Debug|Any CPU.Build.0 = Debug|Any CPU
		{E13986B5-2CCA-48E5-A7AC-A5BA6B56083F}.Release|Any CPU.ActiveCfg = Release|Any CPU
		{E13986B5-2CCA-48E5-A7AC-A5BA6B56083F}.Release|Any CPU.Build.0 = Release|Any CPU
		{CB960F7A-C6B3-4CD8-B2B5-61BC0BD9CDA7}.Debug|Any CPU.ActiveCfg = Debug|Any CPU
		{CB960F7A-C6B3-4CD8-B2B5-61BC0BD9CDA7}.Debug|Any CPU.Build.0 = Debug|Any CPU
		{CB960F7A-C6B3-4CD8-B2B5-61BC0BD9CDA7}.Release|Any CPU.ActiveCfg = Release|Any CPU
		{CB960F7A-C6B3-4CD8-B2B5-61BC0BD9CDA7}.Release|Any CPU.Build.0 = Release|Any CPU
	EndGlobalSection
	GlobalSection(SolutionProperties) = preSolution
		HideSolutionNode = FALSE
	EndGlobalSection
	GlobalSection(ExtensibilityGlobals) = postSolution
		SolutionGuid = {4ECCBB1C-FB09-445A-9D03-13420358F3C6}
	EndGlobalSection
EndGlobal
